
Microsoft Visual Studio Solution File, Format Version 12.00
# Visual Studio Version 17
VisualStudioVersion = 17.11.35222.181
MinimumVisualStudioVersion = 10.0.40219.1
Project("{FAE04EC0-301F-11D3-BF4B-00C04F79EFBC}") = "UdemyActivity1", "UdemyActivity1\UdemyActivity1.csproj", "{AA0DA972-2543-4BA2-A44D-7E2220FAD6CB}"
EndProject
Global
	GlobalSection(SolutionConfigurationPlatforms) = preSolution
		Debug|Any CPU = Debug|Any CPU
		Release|Any CPU = Release|Any CPU
	EndGlobalSection
	GlobalSection(ProjectConfigurationPlatforms) = postSolution
		{AA0DA972-2543-4BA2-A44D-7E2220FAD6CB}.Debug|Any CPU.ActiveCfg = Debug|Any CPU
		{AA0DA972-2543-4BA2-A44D-7E2220FAD6CB}.Debug|Any CPU.Build.0 = Debug|Any CPU
		{AA0DA972-2543-4BA2-A44D-7E2220FAD6CB}.Release|Any CPU.ActiveCfg = Release|Any CPU
		{AA0DA972-2543-4BA2-A44D-7E2220FAD6CB}.Release|Any CPU.Build.0 = Release|Any CPU
	EndGlobalSection
	GlobalSection(SolutionProperties) = preSolution
		HideSolutionNode = FALSE
	EndGlobalSection
	GlobalSection(ExtensibilityGlobals) = postSolution
		SolutionGuid = {A5CD5C0D-61E7-40AF-AF52-968E103226B4}
	EndGlobalSection
EndGlobal
